
Microsoft Visual Studio Solution File, Format Version 12.00
# Visual Studio Version 17
VisualStudioVersion = 17.5.33414.496
MinimumVisualStudioVersion = 10.0.40219.1
Project("{FAE04EC0-301F-11D3-BF4B-00C04F79EFBC}") = "Bot", "Bot\Bot.csproj", "{CEC71D07-9300-4309-BDB5-3049E6ED6E0D}"
EndProject
Global
	GlobalSection(SolutionConfigurationPlatforms) = preSolution
		Debug|Any CPU = Debug|Any CPU
		Release|Any CPU = Release|Any CPU
	EndGlobalSection
	GlobalSection(ProjectConfigurationPlatforms) = postSolution
		{CEC71D07-9300-4309-BDB5-3049E6ED6E0D}.Debug|Any CPU.ActiveCfg = Debug|Any CPU
		{CEC71D07-9300-4309-BDB5-3049E6ED6E0D}.Debug|Any CPU.Build.0 = Debug|Any CPU
		{CEC71D07-9300-4309-BDB5-3049E6ED6E0D}.Release|Any CPU.ActiveCfg = Release|Any CPU
		{CEC71D07-9300-4309-BDB5-3049E6ED6E0D}.Release|Any CPU.Build.0 = Release|Any CPU
	EndGlobalSection
	GlobalSection(SolutionProperties) = preSolution
		HideSolutionNode = FALSE
	EndGlobalSection
	GlobalSection(ExtensibilityGlobals) = postSolution
		SolutionGuid = {95E4BF3C-9689-44FA-9BCA-700CED1983AB}
	EndGlobalSection
EndGlobal
